// !$*UTF8*$!
{
	archiveVersion = 1;
	classes = {
	};
	objectVersion = 48;
	objects = {

/* Begin PBXBuildFile section */
		E0981B6E8947E22C2253A323 /* Pods_IFACoreData.framework in Frameworks */ = {isa = PBXBuildFile; fileRef = F58A8DF1D875B0966D95A516 /* Pods_IFACoreData.framework */; };
		F719E9FF1FBE247100A607D2 /* NSObject+IFACoreData.h in Headers */ = {isa = PBXBuildFile; fileRef = F7A2AEE71FBCE931002B5B20 /* NSObject+IFACoreData.h */; settings = {ATTRIBUTES = (Public, ); }; };
		F719EA001FBE247900A607D2 /* NSObject+IFACoreData.m in Sources */ = {isa = PBXBuildFile; fileRef = F7A2AEE61FBCE931002B5B20 /* NSObject+IFACoreData.m */; };
		F719EA031FBE251B00A607D2 /* IFAEntityConfig.h in Headers */ = {isa = PBXBuildFile; fileRef = F719EA011FBE251A00A607D2 /* IFAEntityConfig.h */; settings = {ATTRIBUTES = (Public, ); }; };
		F719EA041FBE251B00A607D2 /* IFAEntityConfig.m in Sources */ = {isa = PBXBuildFile; fileRef = F719EA021FBE251A00A607D2 /* IFAEntityConfig.m */; };
		F719EA071FBE255600A607D2 /* IFACoreDataConstants.h in Headers */ = {isa = PBXBuildFile; fileRef = F719EA051FBE255500A607D2 /* IFACoreDataConstants.h */; settings = {ATTRIBUTES = (Public, ); }; };
		F719EA081FBE255600A607D2 /* IFACoreDataConstants.m in Sources */ = {isa = PBXBuildFile; fileRef = F719EA061FBE255500A607D2 /* IFACoreDataConstants.m */; };
		F719EA0B1FBE2D0E00A607D2 /* IFACoreDataUtils.h in Headers */ = {isa = PBXBuildFile; fileRef = F719EA091FBE2D0D00A607D2 /* IFACoreDataUtils.h */; settings = {ATTRIBUTES = (Public, ); }; };
		F719EA0C1FBE2D0E00A607D2 /* IFACoreDataUtils.m in Sources */ = {isa = PBXBuildFile; fileRef = F719EA0A1FBE2D0D00A607D2 /* IFACoreDataUtils.m */; };
		F719EA0F1FBE2F3400A607D2 /* IFASystemEntity.h in Headers */ = {isa = PBXBuildFile; fileRef = F719EA0D1FBE2F3400A607D2 /* IFASystemEntity.h */; settings = {ATTRIBUTES = (Public, ); }; };
		F719EA101FBE2F3400A607D2 /* IFASystemEntity.m in Sources */ = {isa = PBXBuildFile; fileRef = F719EA0E1FBE2F3400A607D2 /* IFASystemEntity.m */; };
		F719EA131FBE324100A607D2 /* IFAEnumerationEntity.m in Sources */ = {isa = PBXBuildFile; fileRef = F719EA111FBE324000A607D2 /* IFAEnumerationEntity.m */; };
		F719EA141FBE324100A607D2 /* IFAEnumerationEntity.h in Headers */ = {isa = PBXBuildFile; fileRef = F719EA121FBE324100A607D2 /* IFAEnumerationEntity.h */; settings = {ATTRIBUTES = (Public, ); }; };
		F719EA171FBE34C800A607D2 /* IFAHelpManager.h in Headers */ = {isa = PBXBuildFile; fileRef = F719EA151FBE34C700A607D2 /* IFAHelpManager.h */; settings = {ATTRIBUTES = (Public, ); }; };
		F719EA181FBE34C800A607D2 /* IFAHelpManager.m in Sources */ = {isa = PBXBuildFile; fileRef = F719EA161FBE34C700A607D2 /* IFAHelpManager.m */; };
		F719EA1B1FBE368F00A607D2 /* IFAPreferencesManager.m in Sources */ = {isa = PBXBuildFile; fileRef = F719EA191FBE368E00A607D2 /* IFAPreferencesManager.m */; };
		F719EA1C1FBE368F00A607D2 /* IFAPreferencesManager.h in Headers */ = {isa = PBXBuildFile; fileRef = F719EA1A1FBE368E00A607D2 /* IFAPreferencesManager.h */; settings = {ATTRIBUTES = (Public, ); }; };
		F76B09431FC21EF400F036CA /* IFAPersistenceManagerTests.m in Sources */ = {isa = PBXBuildFile; fileRef = F76B09401FC21EF400F036CA /* IFAPersistenceManagerTests.m */; };
		F76B09441FC21EF400F036CA /* IFAPersistentEntityChangeObserverTests.m in Sources */ = {isa = PBXBuildFile; fileRef = F76B09411FC21EF400F036CA /* IFAPersistentEntityChangeObserverTests.m */; };
		F76B09451FC21EF400F036CA /* IFAPersistenceChangeDetectorTests.m in Sources */ = {isa = PBXBuildFile; fileRef = F76B09421FC21EF400F036CA /* IFAPersistenceChangeDetectorTests.m */; };
		F76B09481FC21F3D00F036CA /* IFACoreDataTestsModel.xcdatamodeld in Sources */ = {isa = PBXBuildFile; fileRef = F76B09461FC21F3D00F036CA /* IFACoreDataTestsModel.xcdatamodeld */; };
		F76B09611FC21F6500F036CA /* TestCoreDataEntity2+CoreDataProperties.m in Sources */ = {isa = PBXBuildFile; fileRef = F76B09491FC21F6200F036CA /* TestCoreDataEntity2+CoreDataProperties.m */; };
		F76B09621FC21F6500F036CA /* TestCoreDataEntity4+CoreDataProperties.m in Sources */ = {isa = PBXBuildFile; fileRef = F76B094B1FC21F6200F036CA /* TestCoreDataEntity4+CoreDataProperties.m */; };
		F76B09631FC21F6500F036CA /* TestCoreDataEntity5+CoreDataClass.m in Sources */ = {isa = PBXBuildFile; fileRef = F76B094C1FC21F6200F036CA /* TestCoreDataEntity5+CoreDataClass.m */; };
		F76B09641FC21F6500F036CA /* TestCoreDataEntity5+CoreDataProperties.m in Sources */ = {isa = PBXBuildFile; fileRef = F76B094E1FC21F6300F036CA /* TestCoreDataEntity5+CoreDataProperties.m */; };
		F76B09651FC21F6500F036CA /* TestCoreDataEntity3+CoreDataProperties.m in Sources */ = {isa = PBXBuildFile; fileRef = F76B094F1FC21F6300F036CA /* TestCoreDataEntity3+CoreDataProperties.m */; };
		F76B09661FC21F6500F036CA /* TestCoreDataEntity1+CoreDataProperties.m in Sources */ = {isa = PBXBuildFile; fileRef = F76B09501FC21F6300F036CA /* TestCoreDataEntity1+CoreDataProperties.m */; };
		F76B09671FC21F6500F036CA /* TestCoreDataEntity3+CoreDataClass.m in Sources */ = {isa = PBXBuildFile; fileRef = F76B09571FC21F6400F036CA /* TestCoreDataEntity3+CoreDataClass.m */; };
		F76B09681FC21F6500F036CA /* TestCoreDataEntity4+CoreDataClass.m in Sources */ = {isa = PBXBuildFile; fileRef = F76B09581FC21F6400F036CA /* TestCoreDataEntity4+CoreDataClass.m */; };
		F76B09691FC21F6500F036CA /* TestCoreDataEntity4Child+CoreDataProperties.m in Sources */ = {isa = PBXBuildFile; fileRef = F76B09591FC21F6400F036CA /* TestCoreDataEntity4Child+CoreDataProperties.m */; };
		F76B096A1FC21F6500F036CA /* TestCoreDataEntity1+CoreDataClass.m in Sources */ = {isa = PBXBuildFile; fileRef = F76B095A1FC21F6400F036CA /* TestCoreDataEntity1+CoreDataClass.m */; };
		F76B096B1FC21F6500F036CA /* TestCoreDataEntity2+CoreDataClass.m in Sources */ = {isa = PBXBuildFile; fileRef = F76B095B1FC21F6400F036CA /* TestCoreDataEntity2+CoreDataClass.m */; };
		F76B096C1FC21F6500F036CA /* TestCoreDataEntity4Child+CoreDataClass.m in Sources */ = {isa = PBXBuildFile; fileRef = F76B095F1FC21F6500F036CA /* TestCoreDataEntity4Child+CoreDataClass.m */; };
		F76B096F1FC21FC200F036CA /* IFACoreDataTestCase.m in Sources */ = {isa = PBXBuildFile; fileRef = F76B096E1FC21FC200F036CA /* IFACoreDataTestCase.m */; };
		F76B09741FC221DB00F036CA /* IFAPersistenceChangeDetector.m in Sources */ = {isa = PBXBuildFile; fileRef = F76B09701FC221DA00F036CA /* IFAPersistenceChangeDetector.m */; };
		F76B09751FC221DB00F036CA /* IFAPersistentEntityChangeObserver.h in Headers */ = {isa = PBXBuildFile; fileRef = F76B09711FC221DA00F036CA /* IFAPersistentEntityChangeObserver.h */; settings = {ATTRIBUTES = (Public, ); }; };
		F76B09761FC221DB00F036CA /* IFAPersistentEntityChangeObserver.m in Sources */ = {isa = PBXBuildFile; fileRef = F76B09721FC221DA00F036CA /* IFAPersistentEntityChangeObserver.m */; };
		F76B09771FC221DB00F036CA /* IFAPersistenceChangeDetector.h in Headers */ = {isa = PBXBuildFile; fileRef = F76B09731FC221DA00F036CA /* IFAPersistenceChangeDetector.h */; settings = {ATTRIBUTES = (Public, ); }; };
		F7A2AEC51FBCDF23002B5B20 /* IFACoreData.framework in Frameworks */ = {isa = PBXBuildFile; fileRef = F7A2AEBB1FBCDF23002B5B20 /* IFACoreData.framework */; };
		F7A2AED91FBCDF83002B5B20 /* IFAPersistenceManager.h in Headers */ = {isa = PBXBuildFile; fileRef = F7A2AED61FBCDF83002B5B20 /* IFAPersistenceManager.h */; settings = {ATTRIBUTES = (Public, ); }; };
		F7A2AEDA1FBCDF83002B5B20 /* IFACoreData.h in Headers */ = {isa = PBXBuildFile; fileRef = F7A2AED71FBCDF83002B5B20 /* IFACoreData.h */; settings = {ATTRIBUTES = (Public, ); }; };
		F7A2AEDB1FBCDF83002B5B20 /* IFAPersistenceManager.m in Sources */ = {isa = PBXBuildFile; fileRef = F7A2AED81FBCDF83002B5B20 /* IFAPersistenceManager.m */; };
		F7A2AEE21FBCE108002B5B20 /* NSManagedObject+IFACoreData.h in Headers */ = {isa = PBXBuildFile; fileRef = F7A2AEDE1FBCE107002B5B20 /* NSManagedObject+IFACoreData.h */; settings = {ATTRIBUTES = (Public, ); }; };
		F7A2AEE31FBCE108002B5B20 /* NSManagedObjectContext+IFACoreData.h in Headers */ = {isa = PBXBuildFile; fileRef = F7A2AEDF1FBCE107002B5B20 /* NSManagedObjectContext+IFACoreData.h */; settings = {ATTRIBUTES = (Public, ); }; };
		F7A2AEE41FBCE108002B5B20 /* NSManagedObjectContext+IFACoreData.m in Sources */ = {isa = PBXBuildFile; fileRef = F7A2AEE01FBCE107002B5B20 /* NSManagedObjectContext+IFACoreData.m */; };
		F7A2AEE51FBCE108002B5B20 /* NSManagedObject+IFACoreData.m in Sources */ = {isa = PBXBuildFile; fileRef = F7A2AEE11FBCE108002B5B20 /* NSManagedObject+IFACoreData.m */; };
		F8A3C9BD18BC3B4B2DD6A573 /* Pods_IFACoreData_IFACoreDataTests.framework in Frameworks */ = {isa = PBXBuildFile; fileRef = E10CBB641757B23CDC85B156 /* Pods_IFACoreData_IFACoreDataTests.framework */; };
/* End PBXBuildFile section */

/* Begin PBXContainerItemProxy section */
		F7A2AEC61FBCDF23002B5B20 /* PBXContainerItemProxy */ = {
			isa = PBXContainerItemProxy;
			containerPortal = F7A2AEB21FBCDF23002B5B20 /* Project object */;
			proxyType = 1;
			remoteGlobalIDString = F7A2AEBA1FBCDF23002B5B20;
			remoteInfo = IFACoreData;
		};
/* End PBXContainerItemProxy section */

/* Begin PBXFileReference section */
		89859097A430E78AC28AE59D /* Pods-IFACoreData.release.xcconfig */ = {isa = PBXFileReference; includeInIndex = 1; lastKnownFileType = text.xcconfig; name = "Pods-IFACoreData.release.xcconfig"; path = "../Pods/Target Support Files/Pods-IFACoreData/Pods-IFACoreData.release.xcconfig"; sourceTree = "<group>"; };
		8FC00CA0E533B6027FC605C9 /* Pods-IFACoreData-IFACoreDataTests.release.xcconfig */ = {isa = PBXFileReference; includeInIndex = 1; lastKnownFileType = text.xcconfig; name = "Pods-IFACoreData-IFACoreDataTests.release.xcconfig"; path = "../Pods/Target Support Files/Pods-IFACoreData-IFACoreDataTests/Pods-IFACoreData-IFACoreDataTests.release.xcconfig"; sourceTree = "<group>"; };
		CA7BAD993C502F191C5CF041 /* Pods-IFACoreData-IFACoreDataTests.debug.xcconfig */ = {isa = PBXFileReference; includeInIndex = 1; lastKnownFileType = text.xcconfig; name = "Pods-IFACoreData-IFACoreDataTests.debug.xcconfig"; path = "../Pods/Target Support Files/Pods-IFACoreData-IFACoreDataTests/Pods-IFACoreData-IFACoreDataTests.debug.xcconfig"; sourceTree = "<group>"; };
		DE75240B524C60E268FE675A /* Pods-IFACoreData.debug.xcconfig */ = {isa = PBXFileReference; includeInIndex = 1; lastKnownFileType = text.xcconfig; name = "Pods-IFACoreData.debug.xcconfig"; path = "../Pods/Target Support Files/Pods-IFACoreData/Pods-IFACoreData.debug.xcconfig"; sourceTree = "<group>"; };
		E10CBB641757B23CDC85B156 /* Pods_IFACoreData_IFACoreDataTests.framework */ = {isa = PBXFileReference; explicitFileType = wrapper.framework; includeInIndex = 0; path = Pods_IFACoreData_IFACoreDataTests.framework; sourceTree = BUILT_PRODUCTS_DIR; };
		F58A8DF1D875B0966D95A516 /* Pods_IFACoreData.framework */ = {isa = PBXFileReference; explicitFileType = wrapper.framework; includeInIndex = 0; path = Pods_IFACoreData.framework; sourceTree = BUILT_PRODUCTS_DIR; };
		F719EA011FBE251A00A607D2 /* IFAEntityConfig.h */ = {isa = PBXFileReference; fileEncoding = 4; lastKnownFileType = sourcecode.c.h; path = IFAEntityConfig.h; sourceTree = "<group>"; };
		F719EA021FBE251A00A607D2 /* IFAEntityConfig.m */ = {isa = PBXFileReference; fileEncoding = 4; lastKnownFileType = sourcecode.c.objc; path = IFAEntityConfig.m; sourceTree = "<group>"; };
		F719EA051FBE255500A607D2 /* IFACoreDataConstants.h */ = {isa = PBXFileReference; fileEncoding = 4; lastKnownFileType = sourcecode.c.h; path = IFACoreDataConstants.h; sourceTree = "<group>"; };
		F719EA061FBE255500A607D2 /* IFACoreDataConstants.m */ = {isa = PBXFileReference; fileEncoding = 4; lastKnownFileType = sourcecode.c.objc; path = IFACoreDataConstants.m; sourceTree = "<group>"; };
		F719EA091FBE2D0D00A607D2 /* IFACoreDataUtils.h */ = {isa = PBXFileReference; fileEncoding = 4; lastKnownFileType = sourcecode.c.h; path = IFACoreDataUtils.h; sourceTree = "<group>"; };
		F719EA0A1FBE2D0D00A607D2 /* IFACoreDataUtils.m */ = {isa = PBXFileReference; fileEncoding = 4; lastKnownFileType = sourcecode.c.objc; path = IFACoreDataUtils.m; sourceTree = "<group>"; };
		F719EA0D1FBE2F3400A607D2 /* IFASystemEntity.h */ = {isa = PBXFileReference; fileEncoding = 4; lastKnownFileType = sourcecode.c.h; path = IFASystemEntity.h; sourceTree = "<group>"; };
		F719EA0E1FBE2F3400A607D2 /* IFASystemEntity.m */ = {isa = PBXFileReference; fileEncoding = 4; lastKnownFileType = sourcecode.c.objc; path = IFASystemEntity.m; sourceTree = "<group>"; };
		F719EA111FBE324000A607D2 /* IFAEnumerationEntity.m */ = {isa = PBXFileReference; fileEncoding = 4; lastKnownFileType = sourcecode.c.objc; path = IFAEnumerationEntity.m; sourceTree = "<group>"; };
		F719EA121FBE324100A607D2 /* IFAEnumerationEntity.h */ = {isa = PBXFileReference; fileEncoding = 4; lastKnownFileType = sourcecode.c.h; path = IFAEnumerationEntity.h; sourceTree = "<group>"; };
		F719EA151FBE34C700A607D2 /* IFAHelpManager.h */ = {isa = PBXFileReference; fileEncoding = 4; lastKnownFileType = sourcecode.c.h; path = IFAHelpManager.h; sourceTree = "<group>"; };
		F719EA161FBE34C700A607D2 /* IFAHelpManager.m */ = {isa = PBXFileReference; fileEncoding = 4; lastKnownFileType = sourcecode.c.objc; path = IFAHelpManager.m; sourceTree = "<group>"; };
		F719EA191FBE368E00A607D2 /* IFAPreferencesManager.m */ = {isa = PBXFileReference; fileEncoding = 4; lastKnownFileType = sourcecode.c.objc; path = IFAPreferencesManager.m; sourceTree = "<group>"; };
		F719EA1A1FBE368E00A607D2 /* IFAPreferencesManager.h */ = {isa = PBXFileReference; fileEncoding = 4; lastKnownFileType = sourcecode.c.h; path = IFAPreferencesManager.h; sourceTree = "<group>"; };
		F76B093F1FC21EF300F036CA /* IFACoreDataTests-Bridging-Header.h */ = {isa = PBXFileReference; lastKnownFileType = sourcecode.c.h; path = "IFACoreDataTests-Bridging-Header.h"; sourceTree = "<group>"; };
		F76B09401FC21EF400F036CA /* IFAPersistenceManagerTests.m */ = {isa = PBXFileReference; fileEncoding = 4; lastKnownFileType = sourcecode.c.objc; path = IFAPersistenceManagerTests.m; sourceTree = "<group>"; };
		F76B09411FC21EF400F036CA /* IFAPersistentEntityChangeObserverTests.m */ = {isa = PBXFileReference; fileEncoding = 4; lastKnownFileType = sourcecode.c.objc; path = IFAPersistentEntityChangeObserverTests.m; sourceTree = "<group>"; };
		F76B09421FC21EF400F036CA /* IFAPersistenceChangeDetectorTests.m */ = {isa = PBXFileReference; fileEncoding = 4; lastKnownFileType = sourcecode.c.objc; path = IFAPersistenceChangeDetectorTests.m; sourceTree = "<group>"; };
		F76B09471FC21F3D00F036CA /* IFACoreUITestsModel.xcdatamodel */ = {isa = PBXFileReference; lastKnownFileType = wrapper.xcdatamodel; path = IFACoreUITestsModel.xcdatamodel; sourceTree = "<group>"; };
		F76B09491FC21F6200F036CA /* TestCoreDataEntity2+CoreDataProperties.m */ = {isa = PBXFileReference; fileEncoding = 4; lastKnownFileType = sourcecode.c.objc; path = "TestCoreDataEntity2+CoreDataProperties.m"; sourceTree = "<group>"; };
		F76B094A1FC21F6200F036CA /* TestCoreDataEntity5+CoreDataClass.h */ = {isa = PBXFileReference; fileEncoding = 4; lastKnownFileType = sourcecode.c.h; path = "TestCoreDataEntity5+CoreDataClass.h"; sourceTree = "<group>"; };
		F76B094B1FC21F6200F036CA /* TestCoreDataEntity4+CoreDataProperties.m */ = {isa = PBXFileReference; fileEncoding = 4; lastKnownFileType = sourcecode.c.objc; path = "TestCoreDataEntity4+CoreDataProperties.m"; sourceTree = "<group>"; };
		F76B094C1FC21F6200F036CA /* TestCoreDataEntity5+CoreDataClass.m */ = {isa = PBXFileReference; fileEncoding = 4; lastKnownFileType = sourcecode.c.objc; path = "TestCoreDataEntity5+CoreDataClass.m"; sourceTree = "<group>"; };
		F76B094D1FC21F6200F036CA /* TestCoreDataEntity5+CoreDataProperties.h */ = {isa = PBXFileReference; fileEncoding = 4; lastKnownFileType = sourcecode.c.h; path = "TestCoreDataEntity5+CoreDataProperties.h"; sourceTree = "<group>"; };
		F76B094E1FC21F6300F036CA /* TestCoreDataEntity5+CoreDataProperties.m */ = {isa = PBXFileReference; fileEncoding = 4; lastKnownFileType = sourcecode.c.objc; path = "TestCoreDataEntity5+CoreDataProperties.m"; sourceTree = "<group>"; };
		F76B094F1FC21F6300F036CA /* TestCoreDataEntity3+CoreDataProperties.m */ = {isa = PBXFileReference; fileEncoding = 4; lastKnownFileType = sourcecode.c.objc; path = "TestCoreDataEntity3+CoreDataProperties.m"; sourceTree = "<group>"; };
		F76B09501FC21F6300F036CA /* TestCoreDataEntity1+CoreDataProperties.m */ = {isa = PBXFileReference; fileEncoding = 4; lastKnownFileType = sourcecode.c.objc; path = "TestCoreDataEntity1+CoreDataProperties.m"; sourceTree = "<group>"; };
		F76B09511FC21F6300F036CA /* TestCoreDataEntity1+CoreDataClass.h */ = {isa = PBXFileReference; fileEncoding = 4; lastKnownFileType = sourcecode.c.h; path = "TestCoreDataEntity1+CoreDataClass.h"; sourceTree = "<group>"; };
		F76B09521FC21F6300F036CA /* TestCoreDataEntity2+CoreDataProperties.h */ = {isa = PBXFileReference; fileEncoding = 4; lastKnownFileType = sourcecode.c.h; path = "TestCoreDataEntity2+CoreDataProperties.h"; sourceTree = "<group>"; };
		F76B09531FC21F6300F036CA /* TestCoreDataEntity4+CoreDataProperties.h */ = {isa = PBXFileReference; fileEncoding = 4; lastKnownFileType = sourcecode.c.h; path = "TestCoreDataEntity4+CoreDataProperties.h"; sourceTree = "<group>"; };
		F76B09541FC21F6300F036CA /* TestCoreDataEntity4Child+CoreDataProperties.h */ = {isa = PBXFileReference; fileEncoding = 4; lastKnownFileType = sourcecode.c.h; path = "TestCoreDataEntity4Child+CoreDataProperties.h"; sourceTree = "<group>"; };
		F76B09551FC21F6300F036CA /* TestCoreDataEntity1+CoreDataProperties.h */ = {isa = PBXFileReference; fileEncoding = 4; lastKnownFileType = sourcecode.c.h; path = "TestCoreDataEntity1+CoreDataProperties.h"; sourceTree = "<group>"; };
		F76B09561FC21F6400F036CA /* TestCoreDataEntity2+CoreDataClass.h */ = {isa = PBXFileReference; fileEncoding = 4; lastKnownFileType = sourcecode.c.h; path = "TestCoreDataEntity2+CoreDataClass.h"; sourceTree = "<group>"; };
		F76B09571FC21F6400F036CA /* TestCoreDataEntity3+CoreDataClass.m */ = {isa = PBXFileReference; fileEncoding = 4; lastKnownFileType = sourcecode.c.objc; path = "TestCoreDataEntity3+CoreDataClass.m"; sourceTree = "<group>"; };
		F76B09581FC21F6400F036CA /* TestCoreDataEntity4+CoreDataClass.m */ = {isa = PBXFileReference; fileEncoding = 4; lastKnownFileType = sourcecode.c.objc; path = "TestCoreDataEntity4+CoreDataClass.m"; sourceTree = "<group>"; };
		F76B09591FC21F6400F036CA /* TestCoreDataEntity4Child+CoreDataProperties.m */ = {isa = PBXFileReference; fileEncoding = 4; lastKnownFileType = sourcecode.c.objc; path = "TestCoreDataEntity4Child+CoreDataProperties.m"; sourceTree = "<group>"; };
		F76B095A1FC21F6400F036CA /* TestCoreDataEntity1+CoreDataClass.m */ = {isa = PBXFileReference; fileEncoding = 4; lastKnownFileType = sourcecode.c.objc; path = "TestCoreDataEntity1+CoreDataClass.m"; sourceTree = "<group>"; };
		F76B095B1FC21F6400F036CA /* TestCoreDataEntity2+CoreDataClass.m */ = {isa = PBXFileReference; fileEncoding = 4; lastKnownFileType = sourcecode.c.objc; path = "TestCoreDataEntity2+CoreDataClass.m"; sourceTree = "<group>"; };
		F76B095C1FC21F6500F036CA /* TestCoreDataEntity3+CoreDataClass.h */ = {isa = PBXFileReference; fileEncoding = 4; lastKnownFileType = sourcecode.c.h; path = "TestCoreDataEntity3+CoreDataClass.h"; sourceTree = "<group>"; };
		F76B095D1FC21F6500F036CA /* TestCoreDataEntity3+CoreDataProperties.h */ = {isa = PBXFileReference; fileEncoding = 4; lastKnownFileType = sourcecode.c.h; path = "TestCoreDataEntity3+CoreDataProperties.h"; sourceTree = "<group>"; };
		F76B095E1FC21F6500F036CA /* TestCoreDataEntity4Child+CoreDataClass.h */ = {isa = PBXFileReference; fileEncoding = 4; lastKnownFileType = sourcecode.c.h; path = "TestCoreDataEntity4Child+CoreDataClass.h"; sourceTree = "<group>"; };
		F76B095F1FC21F6500F036CA /* TestCoreDataEntity4Child+CoreDataClass.m */ = {isa = PBXFileReference; fileEncoding = 4; lastKnownFileType = sourcecode.c.objc; path = "TestCoreDataEntity4Child+CoreDataClass.m"; sourceTree = "<group>"; };
		F76B09601FC21F6500F036CA /* TestCoreDataEntity4+CoreDataClass.h */ = {isa = PBXFileReference; fileEncoding = 4; lastKnownFileType = sourcecode.c.h; path = "TestCoreDataEntity4+CoreDataClass.h"; sourceTree = "<group>"; };
		F76B096D1FC21FC100F036CA /* IFACoreDataTestCase.h */ = {isa = PBXFileReference; fileEncoding = 4; lastKnownFileType = sourcecode.c.h; path = IFACoreDataTestCase.h; sourceTree = "<group>"; };
		F76B096E1FC21FC200F036CA /* IFACoreDataTestCase.m */ = {isa = PBXFileReference; fileEncoding = 4; lastKnownFileType = sourcecode.c.objc; path = IFACoreDataTestCase.m; sourceTree = "<group>"; };
		F76B09701FC221DA00F036CA /* IFAPersistenceChangeDetector.m */ = {isa = PBXFileReference; fileEncoding = 4; lastKnownFileType = sourcecode.c.objc; path = IFAPersistenceChangeDetector.m; sourceTree = "<group>"; };
		F76B09711FC221DA00F036CA /* IFAPersistentEntityChangeObserver.h */ = {isa = PBXFileReference; fileEncoding = 4; lastKnownFileType = sourcecode.c.h; path = IFAPersistentEntityChangeObserver.h; sourceTree = "<group>"; };
		F76B09721FC221DA00F036CA /* IFAPersistentEntityChangeObserver.m */ = {isa = PBXFileReference; fileEncoding = 4; lastKnownFileType = sourcecode.c.objc; path = IFAPersistentEntityChangeObserver.m; sourceTree = "<group>"; };
		F76B09731FC221DA00F036CA /* IFAPersistenceChangeDetector.h */ = {isa = PBXFileReference; fileEncoding = 4; lastKnownFileType = sourcecode.c.h; path = IFAPersistenceChangeDetector.h; sourceTree = "<group>"; };
		F7A2AEBB1FBCDF23002B5B20 /* IFACoreData.framework */ = {isa = PBXFileReference; explicitFileType = wrapper.framework; includeInIndex = 0; path = IFACoreData.framework; sourceTree = BUILT_PRODUCTS_DIR; };
		F7A2AEBF1FBCDF23002B5B20 /* Info.plist */ = {isa = PBXFileReference; lastKnownFileType = text.plist.xml; path = Info.plist; sourceTree = "<group>"; };
		F7A2AEC41FBCDF23002B5B20 /* IFACoreDataTests.xctest */ = {isa = PBXFileReference; explicitFileType = wrapper.cfbundle; includeInIndex = 0; path = IFACoreDataTests.xctest; sourceTree = BUILT_PRODUCTS_DIR; };
		F7A2AECB1FBCDF23002B5B20 /* Info.plist */ = {isa = PBXFileReference; lastKnownFileType = text.plist.xml; path = Info.plist; sourceTree = "<group>"; };
		F7A2AED61FBCDF83002B5B20 /* IFAPersistenceManager.h */ = {isa = PBXFileReference; fileEncoding = 4; lastKnownFileType = sourcecode.c.h; path = IFAPersistenceManager.h; sourceTree = "<group>"; };
		F7A2AED71FBCDF83002B5B20 /* IFACoreData.h */ = {isa = PBXFileReference; fileEncoding = 4; lastKnownFileType = sourcecode.c.h; path = IFACoreData.h; sourceTree = "<group>"; };
		F7A2AED81FBCDF83002B5B20 /* IFAPersistenceManager.m */ = {isa = PBXFileReference; fileEncoding = 4; lastKnownFileType = sourcecode.c.objc; path = IFAPersistenceManager.m; sourceTree = "<group>"; };
		F7A2AEDC1FBCDF9D002B5B20 /* Podfile */ = {isa = PBXFileReference; lastKnownFileType = text; name = Podfile; path = ../Podfile; sourceTree = "<group>"; xcLanguageSpecificationIdentifier = xcode.lang.ruby; };
		F7A2AEDD1FBCDF9D002B5B20 /* IFACoreData.podspec */ = {isa = PBXFileReference; lastKnownFileType = text; name = IFACoreData.podspec; path = ../IFACoreData.podspec; sourceTree = "<group>"; };
		F7A2AEDE1FBCE107002B5B20 /* NSManagedObject+IFACoreData.h */ = {isa = PBXFileReference; fileEncoding = 4; lastKnownFileType = sourcecode.c.h; path = "NSManagedObject+IFACoreData.h"; sourceTree = "<group>"; };
		F7A2AEDF1FBCE107002B5B20 /* NSManagedObjectContext+IFACoreData.h */ = {isa = PBXFileReference; fileEncoding = 4; lastKnownFileType = sourcecode.c.h; path = "NSManagedObjectContext+IFACoreData.h"; sourceTree = "<group>"; };
		F7A2AEE01FBCE107002B5B20 /* NSManagedObjectContext+IFACoreData.m */ = {isa = PBXFileReference; fileEncoding = 4; lastKnownFileType = sourcecode.c.objc; path = "NSManagedObjectContext+IFACoreData.m"; sourceTree = "<group>"; };
		F7A2AEE11FBCE108002B5B20 /* NSManagedObject+IFACoreData.m */ = {isa = PBXFileReference; fileEncoding = 4; lastKnownFileType = sourcecode.c.objc; path = "NSManagedObject+IFACoreData.m"; sourceTree = "<group>"; };
		F7A2AEE61FBCE931002B5B20 /* NSObject+IFACoreData.m */ = {isa = PBXFileReference; fileEncoding = 4; lastKnownFileType = sourcecode.c.objc; path = "NSObject+IFACoreData.m"; sourceTree = "<group>"; };
		F7A2AEE71FBCE931002B5B20 /* NSObject+IFACoreData.h */ = {isa = PBXFileReference; fileEncoding = 4; lastKnownFileType = sourcecode.c.h; path = "NSObject+IFACoreData.h"; sourceTree = "<group>"; };
/* End PBXFileReference section */

/* Begin PBXFrameworksBuildPhase section */
		F7A2AEB71FBCDF23002B5B20 /* Frameworks */ = {
			isa = PBXFrameworksBuildPhase;
			buildActionMask = 2147483647;
			files = (
				E0981B6E8947E22C2253A323 /* Pods_IFACoreData.framework in Frameworks */,
			);
			runOnlyForDeploymentPostprocessing = 0;
		};
		F7A2AEC11FBCDF23002B5B20 /* Frameworks */ = {
			isa = PBXFrameworksBuildPhase;
			buildActionMask = 2147483647;
			files = (
				F7A2AEC51FBCDF23002B5B20 /* IFACoreData.framework in Frameworks */,
				F8A3C9BD18BC3B4B2DD6A573 /* Pods_IFACoreData_IFACoreDataTests.framework in Frameworks */,
			);
			runOnlyForDeploymentPostprocessing = 0;
		};
/* End PBXFrameworksBuildPhase section */

/* Begin PBXGroup section */
		3E8CDA529B9B980C869419CE /* Pods */ = {
			isa = PBXGroup;
			children = (
				DE75240B524C60E268FE675A /* Pods-IFACoreData.debug.xcconfig */,
				89859097A430E78AC28AE59D /* Pods-IFACoreData.release.xcconfig */,
				CA7BAD993C502F191C5CF041 /* Pods-IFACoreData-IFACoreDataTests.debug.xcconfig */,
				8FC00CA0E533B6027FC605C9 /* Pods-IFACoreData-IFACoreDataTests.release.xcconfig */,
			);
			name = Pods;
			sourceTree = "<group>";
		};
		EAD1FA7DE415B048ED8E6B2F /* Frameworks */ = {
			isa = PBXGroup;
			children = (
				F58A8DF1D875B0966D95A516 /* Pods_IFACoreData.framework */,
				E10CBB641757B23CDC85B156 /* Pods_IFACoreData_IFACoreDataTests.framework */,
			);
			name = Frameworks;
			sourceTree = "<group>";
		};
		F7A2AEB11FBCDF23002B5B20 = {
			isa = PBXGroup;
			children = (
				F7A2AEDD1FBCDF9D002B5B20 /* IFACoreData.podspec */,
				F7A2AEDC1FBCDF9D002B5B20 /* Podfile */,
				F7A2AEBD1FBCDF23002B5B20 /* IFACoreData */,
				F7A2AEC81FBCDF23002B5B20 /* IFACoreDataTests */,
				F7A2AEBC1FBCDF23002B5B20 /* Products */,
				3E8CDA529B9B980C869419CE /* Pods */,
				EAD1FA7DE415B048ED8E6B2F /* Frameworks */,
			);
			sourceTree = "<group>";
		};
		F7A2AEBC1FBCDF23002B5B20 /* Products */ = {
			isa = PBXGroup;
			children = (
				F7A2AEBB1FBCDF23002B5B20 /* IFACoreData.framework */,
				F7A2AEC41FBCDF23002B5B20 /* IFACoreDataTests.xctest */,
			);
			name = Products;
			sourceTree = "<group>";
		};
		F7A2AEBD1FBCDF23002B5B20 /* IFACoreData */ = {
			isa = PBXGroup;
			children = (
				F7A2AED51FBCDF83002B5B20 /* classes */,
				F7A2AEBF1FBCDF23002B5B20 /* Info.plist */,
			);
			path = IFACoreData;
			sourceTree = "<group>";
		};
		F7A2AEC81FBCDF23002B5B20 /* IFACoreDataTests */ = {
			isa = PBXGroup;
			children = (
				F76B096D1FC21FC100F036CA /* IFACoreDataTestCase.h */,
				F76B096E1FC21FC200F036CA /* IFACoreDataTestCase.m */,
				F76B09511FC21F6300F036CA /* TestCoreDataEntity1+CoreDataClass.h */,
				F76B095A1FC21F6400F036CA /* TestCoreDataEntity1+CoreDataClass.m */,
				F76B09551FC21F6300F036CA /* TestCoreDataEntity1+CoreDataProperties.h */,
				F76B09501FC21F6300F036CA /* TestCoreDataEntity1+CoreDataProperties.m */,
				F76B09561FC21F6400F036CA /* TestCoreDataEntity2+CoreDataClass.h */,
				F76B095B1FC21F6400F036CA /* TestCoreDataEntity2+CoreDataClass.m */,
				F76B09521FC21F6300F036CA /* TestCoreDataEntity2+CoreDataProperties.h */,
				F76B09491FC21F6200F036CA /* TestCoreDataEntity2+CoreDataProperties.m */,
				F76B095C1FC21F6500F036CA /* TestCoreDataEntity3+CoreDataClass.h */,
				F76B09571FC21F6400F036CA /* TestCoreDataEntity3+CoreDataClass.m */,
				F76B095D1FC21F6500F036CA /* TestCoreDataEntity3+CoreDataProperties.h */,
				F76B094F1FC21F6300F036CA /* TestCoreDataEntity3+CoreDataProperties.m */,
				F76B09601FC21F6500F036CA /* TestCoreDataEntity4+CoreDataClass.h */,
				F76B09581FC21F6400F036CA /* TestCoreDataEntity4+CoreDataClass.m */,
				F76B09531FC21F6300F036CA /* TestCoreDataEntity4+CoreDataProperties.h */,
				F76B094B1FC21F6200F036CA /* TestCoreDataEntity4+CoreDataProperties.m */,
				F76B095E1FC21F6500F036CA /* TestCoreDataEntity4Child+CoreDataClass.h */,
				F76B095F1FC21F6500F036CA /* TestCoreDataEntity4Child+CoreDataClass.m */,
				F76B09541FC21F6300F036CA /* TestCoreDataEntity4Child+CoreDataProperties.h */,
				F76B09591FC21F6400F036CA /* TestCoreDataEntity4Child+CoreDataProperties.m */,
				F76B094A1FC21F6200F036CA /* TestCoreDataEntity5+CoreDataClass.h */,
				F76B094C1FC21F6200F036CA /* TestCoreDataEntity5+CoreDataClass.m */,
				F76B094D1FC21F6200F036CA /* TestCoreDataEntity5+CoreDataProperties.h */,
				F76B094E1FC21F6300F036CA /* TestCoreDataEntity5+CoreDataProperties.m */,
				F76B09421FC21EF400F036CA /* IFAPersistenceChangeDetectorTests.m */,
				F76B09401FC21EF400F036CA /* IFAPersistenceManagerTests.m */,
				F76B09411FC21EF400F036CA /* IFAPersistentEntityChangeObserverTests.m */,
				F7A2AECB1FBCDF23002B5B20 /* Info.plist */,
				F76B093F1FC21EF300F036CA /* IFACoreDataTests-Bridging-Header.h */,
				F76B09461FC21F3D00F036CA /* IFACoreDataTestsModel.xcdatamodeld */,
			);
			path = IFACoreDataTests;
			sourceTree = "<group>";
		};
		F7A2AED51FBCDF83002B5B20 /* classes */ = {
			isa = PBXGroup;
			children = (
				F76B09731FC221DA00F036CA /* IFAPersistenceChangeDetector.h */,
				F76B09701FC221DA00F036CA /* IFAPersistenceChangeDetector.m */,
				F76B09711FC221DA00F036CA /* IFAPersistentEntityChangeObserver.h */,
				F76B09721FC221DA00F036CA /* IFAPersistentEntityChangeObserver.m */,
				F719EA1A1FBE368E00A607D2 /* IFAPreferencesManager.h */,
				F719EA191FBE368E00A607D2 /* IFAPreferencesManager.m */,
				F719EA151FBE34C700A607D2 /* IFAHelpManager.h */,
				F719EA161FBE34C700A607D2 /* IFAHelpManager.m */,
				F719EA121FBE324100A607D2 /* IFAEnumerationEntity.h */,
				F719EA111FBE324000A607D2 /* IFAEnumerationEntity.m */,
				F719EA0D1FBE2F3400A607D2 /* IFASystemEntity.h */,
				F719EA0E1FBE2F3400A607D2 /* IFASystemEntity.m */,
				F719EA091FBE2D0D00A607D2 /* IFACoreDataUtils.h */,
				F719EA0A1FBE2D0D00A607D2 /* IFACoreDataUtils.m */,
				F719EA051FBE255500A607D2 /* IFACoreDataConstants.h */,
				F719EA061FBE255500A607D2 /* IFACoreDataConstants.m */,
				F719EA011FBE251A00A607D2 /* IFAEntityConfig.h */,
				F719EA021FBE251A00A607D2 /* IFAEntityConfig.m */,
				F7A2AEE71FBCE931002B5B20 /* NSObject+IFACoreData.h */,
				F7A2AEE61FBCE931002B5B20 /* NSObject+IFACoreData.m */,
				F7A2AED71FBCDF83002B5B20 /* IFACoreData.h */,
				F7A2AED61FBCDF83002B5B20 /* IFAPersistenceManager.h */,
				F7A2AED81FBCDF83002B5B20 /* IFAPersistenceManager.m */,
				F7A2AEDE1FBCE107002B5B20 /* NSManagedObject+IFACoreData.h */,
				F7A2AEE11FBCE108002B5B20 /* NSManagedObject+IFACoreData.m */,
				F7A2AEDF1FBCE107002B5B20 /* NSManagedObjectContext+IFACoreData.h */,
				F7A2AEE01FBCE107002B5B20 /* NSManagedObjectContext+IFACoreData.m */,
			);
			path = classes;
			sourceTree = "<group>";
		};
/* End PBXGroup section */

/* Begin PBXHeadersBuildPhase section */
		F7A2AEB81FBCDF23002B5B20 /* Headers */ = {
			isa = PBXHeadersBuildPhase;
			buildActionMask = 2147483647;
			files = (
				F7A2AEE31FBCE108002B5B20 /* NSManagedObjectContext+IFACoreData.h in Headers */,
				F719EA0B1FBE2D0E00A607D2 /* IFACoreDataUtils.h in Headers */,
				F719EA141FBE324100A607D2 /* IFAEnumerationEntity.h in Headers */,
				F719EA171FBE34C800A607D2 /* IFAHelpManager.h in Headers */,
				F7A2AEDA1FBCDF83002B5B20 /* IFACoreData.h in Headers */,
				F76B09771FC221DB00F036CA /* IFAPersistenceChangeDetector.h in Headers */,
				F719EA0F1FBE2F3400A607D2 /* IFASystemEntity.h in Headers */,
				F719EA1C1FBE368F00A607D2 /* IFAPreferencesManager.h in Headers */,
				F719EA071FBE255600A607D2 /* IFACoreDataConstants.h in Headers */,
				F719EA031FBE251B00A607D2 /* IFAEntityConfig.h in Headers */,
				F7A2AED91FBCDF83002B5B20 /* IFAPersistenceManager.h in Headers */,
				F719E9FF1FBE247100A607D2 /* NSObject+IFACoreData.h in Headers */,
				F7A2AEE21FBCE108002B5B20 /* NSManagedObject+IFACoreData.h in Headers */,
				F76B09751FC221DB00F036CA /* IFAPersistentEntityChangeObserver.h in Headers */,
			);
			runOnlyForDeploymentPostprocessing = 0;
		};
/* End PBXHeadersBuildPhase section */

/* Begin PBXNativeTarget section */
		F7A2AEBA1FBCDF23002B5B20 /* IFACoreData */ = {
			isa = PBXNativeTarget;
			buildConfigurationList = F7A2AECF1FBCDF23002B5B20 /* Build configuration list for PBXNativeTarget "IFACoreData" */;
			buildPhases = (
				9C4FFD18432D843DF561D636 /* [CP] Check Pods Manifest.lock */,
				F7A2AEB61FBCDF23002B5B20 /* Sources */,
				F7A2AEB71FBCDF23002B5B20 /* Frameworks */,
				F7A2AEB81FBCDF23002B5B20 /* Headers */,
				F7A2AEB91FBCDF23002B5B20 /* Resources */,
				88D340E0D5EB0C0149E1F00F /* [CP] Copy Pods Resources */,
			);
			buildRules = (
			);
			dependencies = (
			);
			name = IFACoreData;
			productName = IFACoreData;
			productReference = F7A2AEBB1FBCDF23002B5B20 /* IFACoreData.framework */;
			productType = "com.apple.product-type.framework";
		};
		F7A2AEC31FBCDF23002B5B20 /* IFACoreDataTests */ = {
			isa = PBXNativeTarget;
			buildConfigurationList = F7A2AED21FBCDF23002B5B20 /* Build configuration list for PBXNativeTarget "IFACoreDataTests" */;
			buildPhases = (
				4F690CB76CC7809CB9E110F1 /* [CP] Check Pods Manifest.lock */,
				F7A2AEC01FBCDF23002B5B20 /* Sources */,
				F7A2AEC11FBCDF23002B5B20 /* Frameworks */,
				F7A2AEC21FBCDF23002B5B20 /* Resources */,
				5F1D4C0578529F703FADA316 /* [CP] Embed Pods Frameworks */,
				7414FB118FB4160C992AFA69 /* [CP] Copy Pods Resources */,
			);
			buildRules = (
			);
			dependencies = (
				F7A2AEC71FBCDF23002B5B20 /* PBXTargetDependency */,
			);
			name = IFACoreDataTests;
			productName = IFACoreDataTests;
			productReference = F7A2AEC41FBCDF23002B5B20 /* IFACoreDataTests.xctest */;
			productType = "com.apple.product-type.bundle.unit-test";
		};
/* End PBXNativeTarget section */

/* Begin PBXProject section */
		F7A2AEB21FBCDF23002B5B20 /* Project object */ = {
			isa = PBXProject;
			attributes = {
				LastSwiftUpdateCheck = 0910;
				LastUpgradeCheck = 0910;
				ORGANIZATIONNAME = "Marcelo Schroeder";
				TargetAttributes = {
					F7A2AEBA1FBCDF23002B5B20 = {
						CreatedOnToolsVersion = 9.1;
						ProvisioningStyle = Automatic;
					};
					F7A2AEC31FBCDF23002B5B20 = {
						CreatedOnToolsVersion = 9.1;
						LastSwiftMigration = 0910;
						ProvisioningStyle = Automatic;
					};
				};
			};
			buildConfigurationList = F7A2AEB51FBCDF23002B5B20 /* Build configuration list for PBXProject "IFACoreData" */;
			compatibilityVersion = "Xcode 8.0";
			developmentRegion = en;
			hasScannedForEncodings = 0;
			knownRegions = (
				en,
			);
			mainGroup = F7A2AEB11FBCDF23002B5B20;
			productRefGroup = F7A2AEBC1FBCDF23002B5B20 /* Products */;
			projectDirPath = "";
			projectRoot = "";
			targets = (
				F7A2AEBA1FBCDF23002B5B20 /* IFACoreData */,
				F7A2AEC31FBCDF23002B5B20 /* IFACoreDataTests */,
			);
		};
/* End PBXProject section */

/* Begin PBXResourcesBuildPhase section */
		F7A2AEB91FBCDF23002B5B20 /* Resources */ = {
			isa = PBXResourcesBuildPhase;
			buildActionMask = 2147483647;
			files = (
			);
			runOnlyForDeploymentPostprocessing = 0;
		};
		F7A2AEC21FBCDF23002B5B20 /* Resources */ = {
			isa = PBXResourcesBuildPhase;
			buildActionMask = 2147483647;
			files = (
			);
			runOnlyForDeploymentPostprocessing = 0;
		};
/* End PBXResourcesBuildPhase section */

/* Begin PBXShellScriptBuildPhase section */
		4F690CB76CC7809CB9E110F1 /* [CP] Check Pods Manifest.lock */ = {
			isa = PBXShellScriptBuildPhase;
			buildActionMask = 2147483647;
			files = (
			);
			inputPaths = (
				"${PODS_PODFILE_DIR_PATH}/Podfile.lock",
				"${PODS_ROOT}/Manifest.lock",
			);
			name = "[CP] Check Pods Manifest.lock";
			outputPaths = (
				"$(DERIVED_FILE_DIR)/Pods-IFACoreData-IFACoreDataTests-checkManifestLockResult.txt",
			);
			runOnlyForDeploymentPostprocessing = 0;
			shellPath = /bin/sh;
			shellScript = "diff \"${PODS_PODFILE_DIR_PATH}/Podfile.lock\" \"${PODS_ROOT}/Manifest.lock\" > /dev/null\nif [ $? != 0 ] ; then\n    # print error to STDERR\n    echo \"error: The sandbox is not in sync with the Podfile.lock. Run 'pod install' or update your CocoaPods installation.\" >&2\n    exit 1\nfi\n# This output is used by Xcode 'outputs' to avoid re-running this script phase.\necho \"SUCCESS\" > \"${SCRIPT_OUTPUT_FILE_0}\"\n";
			showEnvVarsInLog = 0;
		};
		5F1D4C0578529F703FADA316 /* [CP] Embed Pods Frameworks */ = {
			isa = PBXShellScriptBuildPhase;
			buildActionMask = 2147483647;
			files = (
			);
			inputPaths = (
				"${SRCROOT}/../Pods/Target Support Files/Pods-IFACoreData-IFACoreDataTests/Pods-IFACoreData-IFACoreDataTests-frameworks.sh",
				"${BUILT_PRODUCTS_DIR}/IFAFoundation/IFAFoundation.framework",
				"${BUILT_PRODUCTS_DIR}/IFATestingSupport/IFATestingSupport.framework",
				"${BUILT_PRODUCTS_DIR}/OCHamcrest/OCHamcrest.framework",
				"${BUILT_PRODUCTS_DIR}/OCMock/OCMock.framework",
			);
			name = "[CP] Embed Pods Frameworks";
			outputPaths = (
				"${TARGET_BUILD_DIR}/${FRAMEWORKS_FOLDER_PATH}/IFAFoundation.framework",
				"${TARGET_BUILD_DIR}/${FRAMEWORKS_FOLDER_PATH}/IFATestingSupport.framework",
				"${TARGET_BUILD_DIR}/${FRAMEWORKS_FOLDER_PATH}/OCHamcrest.framework",
				"${TARGET_BUILD_DIR}/${FRAMEWORKS_FOLDER_PATH}/OCMock.framework",
			);
			runOnlyForDeploymentPostprocessing = 0;
			shellPath = /bin/sh;
			shellScript = "\"${SRCROOT}/../Pods/Target Support Files/Pods-IFACoreData-IFACoreDataTests/Pods-IFACoreData-IFACoreDataTests-frameworks.sh\"\n";
			showEnvVarsInLog = 0;
		};
		7414FB118FB4160C992AFA69 /* [CP] Copy Pods Resources */ = {
			isa = PBXShellScriptBuildPhase;
			buildActionMask = 2147483647;
			files = (
			);
			inputPaths = (
			);
			name = "[CP] Copy Pods Resources";
			outputPaths = (
			);
			runOnlyForDeploymentPostprocessing = 0;
			shellPath = /bin/sh;
			shellScript = "\"${SRCROOT}/../Pods/Target Support Files/Pods-IFACoreData-IFACoreDataTests/Pods-IFACoreData-IFACoreDataTests-resources.sh\"\n";
			showEnvVarsInLog = 0;
		};
		88D340E0D5EB0C0149E1F00F /* [CP] Copy Pods Resources */ = {
			isa = PBXShellScriptBuildPhase;
			buildActionMask = 2147483647;
			files = (
			);
			inputPaths = (
			);
			name = "[CP] Copy Pods Resources";
			outputPaths = (
			);
			runOnlyForDeploymentPostprocessing = 0;
			shellPath = /bin/sh;
			shellScript = "\"${SRCROOT}/../Pods/Target Support Files/Pods-IFACoreData/Pods-IFACoreData-resources.sh\"\n";
			showEnvVarsInLog = 0;
		};
		9C4FFD18432D843DF561D636 /* [CP] Check Pods Manifest.lock */ = {
			isa = PBXShellScriptBuildPhase;
			buildActionMask = 2147483647;
			files = (
			);
			inputPaths = (
				"${PODS_PODFILE_DIR_PATH}/Podfile.lock",
				"${PODS_ROOT}/Manifest.lock",
			);
			name = "[CP] Check Pods Manifest.lock";
			outputPaths = (
				"$(DERIVED_FILE_DIR)/Pods-IFACoreData-checkManifestLockResult.txt",
			);
			runOnlyForDeploymentPostprocessing = 0;
			shellPath = /bin/sh;
			shellScript = "diff \"${PODS_PODFILE_DIR_PATH}/Podfile.lock\" \"${PODS_ROOT}/Manifest.lock\" > /dev/null\nif [ $? != 0 ] ; then\n    # print error to STDERR\n    echo \"error: The sandbox is not in sync with the Podfile.lock. Run 'pod install' or update your CocoaPods installation.\" >&2\n    exit 1\nfi\n# This output is used by Xcode 'outputs' to avoid re-running this script phase.\necho \"SUCCESS\" > \"${SCRIPT_OUTPUT_FILE_0}\"\n";
			showEnvVarsInLog = 0;
		};
/* End PBXShellScriptBuildPhase section */

/* Begin PBXSourcesBuildPhase section */
		F7A2AEB61FBCDF23002B5B20 /* Sources */ = {
			isa = PBXSourcesBuildPhase;
			buildActionMask = 2147483647;
			files = (
				F7A2AEDB1FBCDF83002B5B20 /* IFAPersistenceManager.m in Sources */,
				F7A2AEE41FBCE108002B5B20 /* NSManagedObjectContext+IFACoreData.m in Sources */,
				F7A2AEE51FBCE108002B5B20 /* NSManagedObject+IFACoreData.m in Sources */,
				F719EA131FBE324100A607D2 /* IFAEnumerationEntity.m in Sources */,
				F719EA0C1FBE2D0E00A607D2 /* IFACoreDataUtils.m in Sources */,
				F76B09761FC221DB00F036CA /* IFAPersistentEntityChangeObserver.m in Sources */,
				F719EA181FBE34C800A607D2 /* IFAHelpManager.m in Sources */,
				F719EA081FBE255600A607D2 /* IFACoreDataConstants.m in Sources */,
				F719EA1B1FBE368F00A607D2 /* IFAPreferencesManager.m in Sources */,
				F719EA041FBE251B00A607D2 /* IFAEntityConfig.m in Sources */,
				F719EA101FBE2F3400A607D2 /* IFASystemEntity.m in Sources */,
				F76B09741FC221DB00F036CA /* IFAPersistenceChangeDetector.m in Sources */,
				F719EA001FBE247900A607D2 /* NSObject+IFACoreData.m in Sources */,
			);
			runOnlyForDeploymentPostprocessing = 0;
		};
		F7A2AEC01FBCDF23002B5B20 /* Sources */ = {
			isa = PBXSourcesBuildPhase;
			buildActionMask = 2147483647;
			files = (
				F76B09621FC21F6500F036CA /* TestCoreDataEntity4+CoreDataProperties.m in Sources */,
				F76B09441FC21EF400F036CA /* IFAPersistentEntityChangeObserverTests.m in Sources */,
				F76B09691FC21F6500F036CA /* TestCoreDataEntity4Child+CoreDataProperties.m in Sources */,
				F76B09681FC21F6500F036CA /* TestCoreDataEntity4+CoreDataClass.m in Sources */,
				F76B09431FC21EF400F036CA /* IFAPersistenceManagerTests.m in Sources */,
				F76B096A1FC21F6500F036CA /* TestCoreDataEntity1+CoreDataClass.m in Sources */,
				F76B09641FC21F6500F036CA /* TestCoreDataEntity5+CoreDataProperties.m in Sources */,
				F76B09481FC21F3D00F036CA /* IFACoreDataTestsModel.xcdatamodeld in Sources */,
				F76B09661FC21F6500F036CA /* TestCoreDataEntity1+CoreDataProperties.m in Sources */,
				F76B096F1FC21FC200F036CA /* IFACoreDataTestCase.m in Sources */,
				F76B096B1FC21F6500F036CA /* TestCoreDataEntity2+CoreDataClass.m in Sources */,
				F76B09671FC21F6500F036CA /* TestCoreDataEntity3+CoreDataClass.m in Sources */,
				F76B09611FC21F6500F036CA /* TestCoreDataEntity2+CoreDataProperties.m in Sources */,
				F76B09631FC21F6500F036CA /* TestCoreDataEntity5+CoreDataClass.m in Sources */,
				F76B09651FC21F6500F036CA /* TestCoreDataEntity3+CoreDataProperties.m in Sources */,
				F76B09451FC21EF400F036CA /* IFAPersistenceChangeDetectorTests.m in Sources */,
				F76B096C1FC21F6500F036CA /* TestCoreDataEntity4Child+CoreDataClass.m in Sources */,
			);
			runOnlyForDeploymentPostprocessing = 0;
		};
/* End PBXSourcesBuildPhase section */

/* Begin PBXTargetDependency section */
		F7A2AEC71FBCDF23002B5B20 /* PBXTargetDependency */ = {
			isa = PBXTargetDependency;
			target = F7A2AEBA1FBCDF23002B5B20 /* IFACoreData */;
			targetProxy = F7A2AEC61FBCDF23002B5B20 /* PBXContainerItemProxy */;
		};
/* End PBXTargetDependency section */

/* Begin XCBuildConfiguration section */
		F7A2AECD1FBCDF23002B5B20 /* Debug */ = {
			isa = XCBuildConfiguration;
			buildSettings = {
				ALWAYS_SEARCH_USER_PATHS = NO;
				CLANG_ANALYZER_NONNULL = YES;
				CLANG_ANALYZER_NUMBER_OBJECT_CONVERSION = YES_AGGRESSIVE;
				CLANG_CXX_LANGUAGE_STANDARD = "gnu++14";
				CLANG_CXX_LIBRARY = "libc++";
				CLANG_ENABLE_MODULES = YES;
				CLANG_ENABLE_OBJC_ARC = YES;
				CLANG_WARN_BLOCK_CAPTURE_AUTORELEASING = YES;
				CLANG_WARN_BOOL_CONVERSION = YES;
				CLANG_WARN_COMMA = YES;
				CLANG_WARN_CONSTANT_CONVERSION = YES;
				CLANG_WARN_DIRECT_OBJC_ISA_USAGE = YES_ERROR;
				CLANG_WARN_DOCUMENTATION_COMMENTS = YES;
				CLANG_WARN_EMPTY_BODY = YES;
				CLANG_WARN_ENUM_CONVERSION = YES;
				CLANG_WARN_INFINITE_RECURSION = YES;
				CLANG_WARN_INT_CONVERSION = YES;
				CLANG_WARN_NON_LITERAL_NULL_CONVERSION = YES;
				CLANG_WARN_OBJC_LITERAL_CONVERSION = YES;
				CLANG_WARN_OBJC_ROOT_CLASS = YES_ERROR;
				CLANG_WARN_RANGE_LOOP_ANALYSIS = YES;
				CLANG_WARN_STRICT_PROTOTYPES = YES;
				CLANG_WARN_SUSPICIOUS_MOVE = YES;
				CLANG_WARN_UNGUARDED_AVAILABILITY = YES_AGGRESSIVE;
				CLANG_WARN_UNREACHABLE_CODE = YES;
				CLANG_WARN__DUPLICATE_METHOD_MATCH = YES;
				CODE_SIGN_IDENTITY = "iPhone Developer";
				COPY_PHASE_STRIP = NO;
				CURRENT_PROJECT_VERSION = 1;
				DEBUG_INFORMATION_FORMAT = dwarf;
				ENABLE_STRICT_OBJC_MSGSEND = YES;
				ENABLE_TESTABILITY = YES;
				GCC_C_LANGUAGE_STANDARD = gnu11;
				GCC_DYNAMIC_NO_PIC = NO;
				GCC_NO_COMMON_BLOCKS = YES;
				GCC_OPTIMIZATION_LEVEL = 0;
				GCC_PREPROCESSOR_DEFINITIONS = (
					"DEBUG=1",
					"$(inherited)",
				);
				GCC_WARN_64_TO_32_BIT_CONVERSION = YES;
				GCC_WARN_ABOUT_RETURN_TYPE = YES_ERROR;
				GCC_WARN_UNDECLARED_SELECTOR = YES;
				GCC_WARN_UNINITIALIZED_AUTOS = YES_AGGRESSIVE;
				GCC_WARN_UNUSED_FUNCTION = YES;
				GCC_WARN_UNUSED_VARIABLE = YES;
				IPHONEOS_DEPLOYMENT_TARGET = 11.1;
				MTL_ENABLE_DEBUG_INFO = YES;
				ONLY_ACTIVE_ARCH = YES;
				SDKROOT = iphoneos;
				SWIFT_ACTIVE_COMPILATION_CONDITIONS = DEBUG;
				SWIFT_OPTIMIZATION_LEVEL = "-Onone";
				VERSIONING_SYSTEM = "apple-generic";
				VERSION_INFO_PREFIX = "";
			};
			name = Debug;
		};
		F7A2AECE1FBCDF23002B5B20 /* Release */ = {
			isa = XCBuildConfiguration;
			buildSettings = {
				ALWAYS_SEARCH_USER_PATHS = NO;
				CLANG_ANALYZER_NONNULL = YES;
				CLANG_ANALYZER_NUMBER_OBJECT_CONVERSION = YES_AGGRESSIVE;
				CLANG_CXX_LANGUAGE_STANDARD = "gnu++14";
				CLANG_CXX_LIBRARY = "libc++";
				CLANG_ENABLE_MODULES = YES;
				CLANG_ENABLE_OBJC_ARC = YES;
				CLANG_WARN_BLOCK_CAPTURE_AUTORELEASING = YES;
				CLANG_WARN_BOOL_CONVERSION = YES;
				CLANG_WARN_COMMA = YES;
				CLANG_WARN_CONSTANT_CONVERSION = YES;
				CLANG_WARN_DIRECT_OBJC_ISA_USAGE = YES_ERROR;
				CLANG_WARN_DOCUMENTATION_COMMENTS = YES;
				CLANG_WARN_EMPTY_BODY = YES;
				CLANG_WARN_ENUM_CONVERSION = YES;
				CLANG_WARN_INFINITE_RECURSION = YES;
				CLANG_WARN_INT_CONVERSION = YES;
				CLANG_WARN_NON_LITERAL_NULL_CONVERSION = YES;
				CLANG_WARN_OBJC_LITERAL_CONVERSION = YES;
				CLANG_WARN_OBJC_ROOT_CLASS = YES_ERROR;
				CLANG_WARN_RANGE_LOOP_ANALYSIS = YES;
				CLANG_WARN_STRICT_PROTOTYPES = YES;
				CLANG_WARN_SUSPICIOUS_MOVE = YES;
				CLANG_WARN_UNGUARDED_AVAILABILITY = YES_AGGRESSIVE;
				CLANG_WARN_UNREACHABLE_CODE = YES;
				CLANG_WARN__DUPLICATE_METHOD_MATCH = YES;
				CODE_SIGN_IDENTITY = "iPhone Developer";
				COPY_PHASE_STRIP = NO;
				CURRENT_PROJECT_VERSION = 1;
				DEBUG_INFORMATION_FORMAT = "dwarf-with-dsym";
				ENABLE_NS_ASSERTIONS = NO;
				ENABLE_STRICT_OBJC_MSGSEND = YES;
				GCC_C_LANGUAGE_STANDARD = gnu11;
				GCC_NO_COMMON_BLOCKS = YES;
				GCC_WARN_64_TO_32_BIT_CONVERSION = YES;
				GCC_WARN_ABOUT_RETURN_TYPE = YES_ERROR;
				GCC_WARN_UNDECLARED_SELECTOR = YES;
				GCC_WARN_UNINITIALIZED_AUTOS = YES_AGGRESSIVE;
				GCC_WARN_UNUSED_FUNCTION = YES;
				GCC_WARN_UNUSED_VARIABLE = YES;
				IPHONEOS_DEPLOYMENT_TARGET = 11.1;
				MTL_ENABLE_DEBUG_INFO = NO;
				SDKROOT = iphoneos;
				SWIFT_OPTIMIZATION_LEVEL = "-Owholemodule";
				VALIDATE_PRODUCT = YES;
				VERSIONING_SYSTEM = "apple-generic";
				VERSION_INFO_PREFIX = "";
			};
			name = Release;
		};
		F7A2AED01FBCDF23002B5B20 /* Debug */ = {
			isa = XCBuildConfiguration;
			baseConfigurationReference = DE75240B524C60E268FE675A /* Pods-IFACoreData.debug.xcconfig */;
			buildSettings = {
				CODE_SIGN_IDENTITY = "";
				CODE_SIGN_STYLE = Automatic;
				DEFINES_MODULE = YES;
				DEVELOPMENT_TEAM = UE3CPRMBX7;
				DYLIB_COMPATIBILITY_VERSION = 1;
				DYLIB_CURRENT_VERSION = 1;
				DYLIB_INSTALL_NAME_BASE = "@rpath";
				INFOPLIST_FILE = IFACoreData/Info.plist;
				INSTALL_PATH = "$(LOCAL_LIBRARY_DIR)/Frameworks";
				LD_RUNPATH_SEARCH_PATHS = "$(inherited) @executable_path/Frameworks @loader_path/Frameworks";
				PRODUCT_BUNDLE_IDENTIFIER = com.infoaccent.IFACoreData;
				PRODUCT_NAME = "$(TARGET_NAME:c99extidentifier)";
				SKIP_INSTALL = YES;
				SWIFT_VERSION = 4.0;
				TARGETED_DEVICE_FAMILY = "1,2";
			};
			name = Debug;
		};
		F7A2AED11FBCDF23002B5B20 /* Release */ = {
			isa = XCBuildConfiguration;
			baseConfigurationReference = 89859097A430E78AC28AE59D /* Pods-IFACoreData.release.xcconfig */;
			buildSettings = {
				CODE_SIGN_IDENTITY = "";
				CODE_SIGN_STYLE = Automatic;
				DEFINES_MODULE = YES;
				DEVELOPMENT_TEAM = UE3CPRMBX7;
				DYLIB_COMPATIBILITY_VERSION = 1;
				DYLIB_CURRENT_VERSION = 1;
				DYLIB_INSTALL_NAME_BASE = "@rpath";
				INFOPLIST_FILE = IFACoreData/Info.plist;
				INSTALL_PATH = "$(LOCAL_LIBRARY_DIR)/Frameworks";
				LD_RUNPATH_SEARCH_PATHS = "$(inherited) @executable_path/Frameworks @loader_path/Frameworks";
				PRODUCT_BUNDLE_IDENTIFIER = com.infoaccent.IFACoreData;
				PRODUCT_NAME = "$(TARGET_NAME:c99extidentifier)";
				SKIP_INSTALL = YES;
				SWIFT_VERSION = 4.0;
				TARGETED_DEVICE_FAMILY = "1,2";
			};
			name = Release;
		};
		F7A2AED31FBCDF23002B5B20 /* Debug */ = {
			isa = XCBuildConfiguration;
			baseConfigurationReference = CA7BAD993C502F191C5CF041 /* Pods-IFACoreData-IFACoreDataTests.debug.xcconfig */;
			buildSettings = {
				CLANG_ENABLE_MODULES = YES;
				CODE_SIGN_STYLE = Automatic;
				DEVELOPMENT_TEAM = UE3CPRMBX7;
				INFOPLIST_FILE = IFACoreDataTests/Info.plist;
				LD_RUNPATH_SEARCH_PATHS = "$(inherited) @executable_path/Frameworks @loader_path/Frameworks";
				PRODUCT_BUNDLE_IDENTIFIER = com.infoaccent.IFACoreDataTests;
				PRODUCT_NAME = "$(TARGET_NAME)";
				SWIFT_OBJC_BRIDGING_HEADER = "IFACoreDataTests/IFACoreDataTests-Bridging-Header.h";
				SWIFT_OPTIMIZATION_LEVEL = "-Onone";
				SWIFT_VERSION = 4.0;
				TARGETED_DEVICE_FAMILY = "1,2";
			};
			name = Debug;
		};
		F7A2AED41FBCDF23002B5B20 /* Release */ = {
			isa = XCBuildConfiguration;
			baseConfigurationReference = 8FC00CA0E533B6027FC605C9 /* Pods-IFACoreData-IFACoreDataTests.release.xcconfig */;
			buildSettings = {
				CLANG_ENABLE_MODULES = YES;
				CODE_SIGN_STYLE = Automatic;
				DEVELOPMENT_TEAM = UE3CPRMBX7;
				INFOPLIST_FILE = IFACoreDataTests/Info.plist;
				LD_RUNPATH_SEARCH_PATHS = "$(inherited) @executable_path/Frameworks @loader_path/Frameworks";
				PRODUCT_BUNDLE_IDENTIFIER = com.infoaccent.IFACoreDataTests;
				PRODUCT_NAME = "$(TARGET_NAME)";
				SWIFT_OBJC_BRIDGING_HEADER = "IFACoreDataTests/IFACoreDataTests-Bridging-Header.h";
				SWIFT_VERSION = 4.0;
				TARGETED_DEVICE_FAMILY = "1,2";
			};
			name = Release;
		};
/* End XCBuildConfiguration section */

/* Begin XCConfigurationList section */
		F7A2AEB51FBCDF23002B5B20 /* Build configuration list for PBXProject "IFACoreData" */ = {
			isa = XCConfigurationList;
			buildConfigurations = (
				F7A2AECD1FBCDF23002B5B20 /* Debug */,
				F7A2AECE1FBCDF23002B5B20 /* Release */,
			);
			defaultConfigurationIsVisible = 0;
			defaultConfigurationName = Release;
		};
		F7A2AECF1FBCDF23002B5B20 /* Build configuration list for PBXNativeTarget "IFACoreData" */ = {
			isa = XCConfigurationList;
			buildConfigurations = (
				F7A2AED01FBCDF23002B5B20 /* Debug */,
				F7A2AED11FBCDF23002B5B20 /* Release */,
			);
			defaultConfigurationIsVisible = 0;
			defaultConfigurationName = Release;
		};
		F7A2AED21FBCDF23002B5B20 /* Build configuration list for PBXNativeTarget "IFACoreDataTests" */ = {
			isa = XCConfigurationList;
			buildConfigurations = (
				F7A2AED31FBCDF23002B5B20 /* Debug */,
				F7A2AED41FBCDF23002B5B20 /* Release */,
			);
			defaultConfigurationIsVisible = 0;
			defaultConfigurationName = Release;
		};
/* End XCConfigurationList section */

/* Begin XCVersionGroup section */
		F76B09461FC21F3D00F036CA /* IFACoreDataTestsModel.xcdatamodeld */ = {
			isa = XCVersionGroup;
			children = (
				F76B09471FC21F3D00F036CA /* IFACoreUITestsModel.xcdatamodel */,
			);
			currentVersion = F76B09471FC21F3D00F036CA /* IFACoreUITestsModel.xcdatamodel */;
			path = IFACoreDataTestsModel.xcdatamodeld;
			sourceTree = "<group>";
			versionGroupType = wrapper.xcdatamodel;
		};
/* End XCVersionGroup section */
	};
	rootObject = F7A2AEB21FBCDF23002B5B20 /* Project object */;
}
